{
  "name": "dessert-showdown",
  "version": "1.0.0",
  "lockfileVersion": 1,
  "requires": true,
  "dependencies": {
    "dessert-markdown-core": {
      "version": "0.1.0",
      "resolved": "https://registry.npmjs.org/dessert-markdown-core/-/dessert-markdown-core-0.1.0.tgz",
      "integrity": "sha512-uaNMOWu9WCIiKf28ceL/tVsBJAPr4pmcyTt8dGOe335lzH3WfXADUA9RTQ3yfsyWrlZA1nZcngd1MUPHAGjfMg=="
    }
  }
}
